
Microsoft Visual Studio Solution File, Format Version 12.00
# Visual Studio Version 17
VisualStudioVersion = 17.11.35312.102
MinimumVisualStudioVersion = 10.0.40219.1
Project("{FAE04EC0-301F-11D3-BF4B-00C04F79EFBC}") = "lab2Sasha", "lab2Sasha.csproj", "{89C840A2-2E66-4CD1-850B-8817AC616B9A}"
EndProject
Global
	GlobalSection(SolutionConfigurationPlatforms) = preSolution
		Debug|Any CPU = Debug|Any CPU
		Release|Any CPU = Release|Any CPU
	EndGlobalSection
	GlobalSection(ProjectConfigurationPlatforms) = postSolution
		{89C840A2-2E66-4CD1-850B-8817AC616B9A}.Debug|Any CPU.ActiveCfg = Debug|Any CPU
		{89C840A2-2E66-4CD1-850B-8817AC616B9A}.Debug|Any CPU.Build.0 = Debug|Any CPU
		{89C840A2-2E66-4CD1-850B-8817AC616B9A}.Release|Any CPU.ActiveCfg = Release|Any CPU
		{89C840A2-2E66-4CD1-850B-8817AC616B9A}.Release|Any CPU.Build.0 = Release|Any CPU
	EndGlobalSection
	GlobalSection(SolutionProperties) = preSolution
		HideSolutionNode = FALSE
	EndGlobalSection
	GlobalSection(ExtensibilityGlobals) = postSolution
		SolutionGuid = {A7B7A1D2-F0F2-44B3-B0D9-990F6211261E}
	EndGlobalSection
EndGlobal
